
Microsoft Visual Studio Solution File, Format Version 12.00
# Visual Studio Version 17
VisualStudioVersion = 17.0.31903.59
MinimumVisualStudioVersion = 10.0.40219.1
Project("{2150E333-8FDC-42A3-9474-1A3956D46DE8}") = "src", "src", "{5F9B00C7-C112-4039-8C63-AD259DAF831F}"
EndProject
Project("{FAE04EC0-301F-11D3-BF4B-00C04F79EFBC}") = "Todo.Api", "src\Todo.Api\Todo.Api.csproj", "{0CE729EC-3FAF-414F-A9B9-7D3512FEEF52}"
EndProject
Project("{FAE04EC0-301F-11D3-BF4B-00C04F79EFBC}") = "Todo.Domain", "src\Todo.Domain\Todo.Domain.csproj", "{4A747225-E68B-47AF-AAA3-E818902E9AF0}"
EndProject
Project("{FAE04EC0-301F-11D3-BF4B-00C04F79EFBC}") = "Todo.Application", "src\Todo.Application\Todo.Application.csproj", "{7975E2AB-7F41-41EF-A493-57E2391D7C00}"
EndProject
Project("{FAE04EC0-301F-11D3-BF4B-00C04F79EFBC}") = "Todo.Infrastructure", "src\Todo.Infrastructure\Todo.Infrastructure.csproj", "{08AD5174-5ED2-46D0-AAF5-C25CB7F55900}"
EndProject
Project("{2150E333-8FDC-42A3-9474-1A3956D46DE8}") = "tests", "tests", "{E503F7FE-9495-4844-B4C0-22BA3CF259C1}"
EndProject
Project("{FAE04EC0-301F-11D3-BF4B-00C04F79EFBC}") = "Todo.UnitTests", "tests\Todo.UnitTests\Todo.UnitTests.csproj", "{D5795F17-B1A1-45CB-8D5A-9A2E67DE6E43}"
EndProject
Project("{FAE04EC0-301F-11D3-BF4B-00C04F79EFBC}") = "Todo.Specs", "tests\Todo.Specs\Todo.Specs.csproj", "{10E63C9D-566E-42A4-9DCB-C65B2545B88E}"
EndProject
Global
	GlobalSection(SolutionConfigurationPlatforms) = preSolution
		Debug|Any CPU = Debug|Any CPU
		Release|Any CPU = Release|Any CPU
	EndGlobalSection
	GlobalSection(SolutionProperties) = preSolution
		HideSolutionNode = FALSE
	EndGlobalSection
	GlobalSection(ProjectConfigurationPlatforms) = postSolution
		{0CE729EC-3FAF-414F-A9B9-7D3512FEEF52}.Debug|Any CPU.ActiveCfg = Debug|Any CPU
		{0CE729EC-3FAF-414F-A9B9-7D3512FEEF52}.Debug|Any CPU.Build.0 = Debug|Any CPU
		{0CE729EC-3FAF-414F-A9B9-7D3512FEEF52}.Release|Any CPU.ActiveCfg = Release|Any CPU
		{0CE729EC-3FAF-414F-A9B9-7D3512FEEF52}.Release|Any CPU.Build.0 = Release|Any CPU
		{4A747225-E68B-47AF-AAA3-E818902E9AF0}.Debug|Any CPU.ActiveCfg = Debug|Any CPU
		{4A747225-E68B-47AF-AAA3-E818902E9AF0}.Debug|Any CPU.Build.0 = Debug|Any CPU
		{4A747225-E68B-47AF-AAA3-E818902E9AF0}.Release|Any CPU.ActiveCfg = Release|Any CPU
		{4A747225-E68B-47AF-AAA3-E818902E9AF0}.Release|Any CPU.Build.0 = Release|Any CPU
		{7975E2AB-7F41-41EF-A493-57E2391D7C00}.Debug|Any CPU.ActiveCfg = Debug|Any CPU
		{7975E2AB-7F41-41EF-A493-57E2391D7C00}.Debug|Any CPU.Build.0 = Debug|Any CPU
		{7975E2AB-7F41-41EF-A493-57E2391D7C00}.Release|Any CPU.ActiveCfg = Release|Any CPU
		{7975E2AB-7F41-41EF-A493-57E2391D7C00}.Release|Any CPU.Build.0 = Release|Any CPU
		{08AD5174-5ED2-46D0-AAF5-C25CB7F55900}.Debug|Any CPU.ActiveCfg = Debug|Any CPU
		{08AD5174-5ED2-46D0-AAF5-C25CB7F55900}.Debug|Any CPU.Build.0 = Debug|Any CPU
		{08AD5174-5ED2-46D0-AAF5-C25CB7F55900}.Release|Any CPU.ActiveCfg = Release|Any CPU
		{08AD5174-5ED2-46D0-AAF5-C25CB7F55900}.Release|Any CPU.Build.0 = Release|Any CPU
		{D5795F17-B1A1-45CB-8D5A-9A2E67DE6E43}.Debug|Any CPU.ActiveCfg = Debug|Any CPU
		{D5795F17-B1A1-45CB-8D5A-9A2E67DE6E43}.Debug|Any CPU.Build.0 = Debug|Any CPU
		{D5795F17-B1A1-45CB-8D5A-9A2E67DE6E43}.Release|Any CPU.ActiveCfg = Release|Any CPU
		{D5795F17-B1A1-45CB-8D5A-9A2E67DE6E43}.Release|Any CPU.Build.0 = Release|Any CPU
		{10E63C9D-566E-42A4-9DCB-C65B2545B88E}.Debug|Any CPU.ActiveCfg = Debug|Any CPU
		{10E63C9D-566E-42A4-9DCB-C65B2545B88E}.Debug|Any CPU.Build.0 = Debug|Any CPU
		{10E63C9D-566E-42A4-9DCB-C65B2545B88E}.Release|Any CPU.ActiveCfg = Release|Any CPU
		{10E63C9D-566E-42A4-9DCB-C65B2545B88E}.Release|Any CPU.Build.0 = Release|Any CPU
	EndGlobalSection
	GlobalSection(NestedProjects) = preSolution
		{0CE729EC-3FAF-414F-A9B9-7D3512FEEF52} = {5F9B00C7-C112-4039-8C63-AD259DAF831F}
		{4A747225-E68B-47AF-AAA3-E818902E9AF0} = {5F9B00C7-C112-4039-8C63-AD259DAF831F}
		{7975E2AB-7F41-41EF-A493-57E2391D7C00} = {5F9B00C7-C112-4039-8C63-AD259DAF831F}
		{08AD5174-5ED2-46D0-AAF5-C25CB7F55900} = {5F9B00C7-C112-4039-8C63-AD259DAF831F}
		{D5795F17-B1A1-45CB-8D5A-9A2E67DE6E43} = {E503F7FE-9495-4844-B4C0-22BA3CF259C1}
		{10E63C9D-566E-42A4-9DCB-C65B2545B88E} = {E503F7FE-9495-4844-B4C0-22BA3CF259C1}
	EndGlobalSection
EndGlobal
